// !$*UTF8*$!
{
	archiveVersion = 1;
	classes = {
	};
	objectVersion = 50;
	objects = {

/* Begin PBXBuildFile section */
		13963A1524C2D5710024F358 /* AppDelegate.swift in Sources */ = {isa = PBXBuildFile; fileRef = 13963A1424C2D5710024F358 /* AppDelegate.swift */; };
		13963A1724C2D5710024F358 /* SceneDelegate.swift in Sources */ = {isa = PBXBuildFile; fileRef = 13963A1624C2D5710024F358 /* SceneDelegate.swift */; };
		13963A1924C2D5710024F358 /* ViewController.swift in Sources */ = {isa = PBXBuildFile; fileRef = 13963A1824C2D5710024F358 /* ViewController.swift */; };
		13963A1C24C2D5710024F358 /* Main.storyboard in Resources */ = {isa = PBXBuildFile; fileRef = 13963A1A24C2D5710024F358 /* Main.storyboard */; };
		13963A1E24C2D5720024F358 /* Assets.xcassets in Resources */ = {isa = PBXBuildFile; fileRef = 13963A1D24C2D5720024F358 /* Assets.xcassets */; };
		13963A2124C2D5720024F358 /* LaunchScreen.storyboard in Resources */ = {isa = PBXBuildFile; fileRef = 13963A1F24C2D5720024F358 /* LaunchScreen.storyboard */; };
		13963A2C24C2D5720024F358 /* PossibleTests.swift in Sources */ = {isa = PBXBuildFile; fileRef = 13963A2B24C2D5720024F358 /* PossibleTests.swift */; };
		13963A3724C2D5720024F358 /* PossibleUITests.swift in Sources */ = {isa = PBXBuildFile; fileRef = 13963A3624C2D5720024F358 /* PossibleUITests.swift */; };
		13963A4524C2DCB70024F358 /* DesignPageViewController.swift in Sources */ = {isa = PBXBuildFile; fileRef = 13963A4424C2DCB70024F358 /* DesignPageViewController.swift */; };
/* End PBXBuildFile section */

/* Begin PBXContainerItemProxy section */
		13963A2824C2D5720024F358 /* PBXContainerItemProxy */ = {
			isa = PBXContainerItemProxy;
			containerPortal = 13963A0924C2D5710024F358 /* Project object */;
			proxyType = 1;
			remoteGlobalIDString = 13963A1024C2D5710024F358;
			remoteInfo = Possible;
		};
		13963A3324C2D5720024F358 /* PBXContainerItemProxy */ = {
			isa = PBXContainerItemProxy;
			containerPortal = 13963A0924C2D5710024F358 /* Project object */;
			proxyType = 1;
			remoteGlobalIDString = 13963A1024C2D5710024F358;
			remoteInfo = Possible;
		};
/* End PBXContainerItemProxy section */

/* Begin PBXFileReference section */
		13963A1124C2D5710024F358 /* Possible.app */ = {isa = PBXFileReference; explicitFileType = wrapper.application; includeInIndex = 0; path = Possible.app; sourceTree = BUILT_PRODUCTS_DIR; };
		13963A1424C2D5710024F358 /* AppDelegate.swift */ = {isa = PBXFileReference; lastKnownFileType = sourcecode.swift; path = AppDelegate.swift; sourceTree = "<group>"; };
		13963A1624C2D5710024F358 /* SceneDelegate.swift */ = {isa = PBXFileReference; lastKnownFileType = sourcecode.swift; path = SceneDelegate.swift; sourceTree = "<group>"; };
		13963A1824C2D5710024F358 /* ViewController.swift */ = {isa = PBXFileReference; lastKnownFileType = sourcecode.swift; path = ViewController.swift; sourceTree = "<group>"; };
		13963A1B24C2D5710024F358 /* Base */ = {isa = PBXFileReference; lastKnownFileType = file.storyboard; name = Base; path = Base.lproj/Main.storyboard; sourceTree = "<group>"; };
		13963A1D24C2D5720024F358 /* Assets.xcassets */ = {isa = PBXFileReference; lastKnownFileType = folder.assetcatalog; path = Assets.xcassets; sourceTree = "<group>"; };
		13963A2024C2D5720024F358 /* Base */ = {isa = PBXFileReference; lastKnownFileType = file.storyboard; name = Base; path = Base.lproj/LaunchScreen.storyboard; sourceTree = "<group>"; };
		13963A2224C2D5720024F358 /* Info.plist */ = {isa = PBXFileReference; lastKnownFileType = text.plist.xml; path = Info.plist; sourceTree = "<group>"; };
		13963A2724C2D5720024F358 /* PossibleTests.xctest */ = {isa = PBXFileReference; explicitFileType = wrapper.cfbundle; includeInIndex = 0; path = PossibleTests.xctest; sourceTree = BUILT_PRODUCTS_DIR; };
		13963A2B24C2D5720024F358 /* PossibleTests.swift */ = {isa = PBXFileReference; lastKnownFileType = sourcecode.swift; path = PossibleTests.swift; sourceTree = "<group>"; };
		13963A2D24C2D5720024F358 /* Info.plist */ = {isa = PBXFileReference; lastKnownFileType = text.plist.xml; path = Info.plist; sourceTree = "<group>"; };
		13963A3224C2D5720024F358 /* PossibleUITests.xctest */ = {isa = PBXFileReference; explicitFileType = wrapper.cfbundle; includeInIndex = 0; path = PossibleUITests.xctest; sourceTree = BUILT_PRODUCTS_DIR; };
		13963A3624C2D5720024F358 /* PossibleUITests.swift */ = {isa = PBXFileReference; lastKnownFileType = sourcecode.swift; path = PossibleUITests.swift; sourceTree = "<group>"; };
		13963A3824C2D5720024F358 /* Info.plist */ = {isa = PBXFileReference; lastKnownFileType = text.plist.xml; path = Info.plist; sourceTree = "<group>"; };
		13963A4424C2DCB70024F358 /* DesignPageViewController.swift */ = {isa = PBXFileReference; lastKnownFileType = sourcecode.swift; path = DesignPageViewController.swift; sourceTree = "<group>"; };
/* End PBXFileReference section */

/* Begin PBXFrameworksBuildPhase section */
		13963A0E24C2D5710024F358 /* Frameworks */ = {
			isa = PBXFrameworksBuildPhase;
			buildActionMask = 2147483647;
			files = (
			);
			runOnlyForDeploymentPostprocessing = 0;
		};
		13963A2424C2D5720024F358 /* Frameworks */ = {
			isa = PBXFrameworksBuildPhase;
			buildActionMask = 2147483647;
			files = (
			);
			runOnlyForDeploymentPostprocessing = 0;
		};
		13963A2F24C2D5720024F358 /* Frameworks */ = {
			isa = PBXFrameworksBuildPhase;
			buildActionMask = 2147483647;
			files = (
			);
			runOnlyForDeploymentPostprocessing = 0;
		};
/* End PBXFrameworksBuildPhase section */

/* Begin PBXGroup section */
		13963A0824C2D5710024F358 = {
			isa = PBXGroup;
			children = (
				13963A1324C2D5710024F358 /* Possible */,
				13963A2A24C2D5720024F358 /* PossibleTests */,
				13963A3524C2D5720024F358 /* PossibleUITests */,
				13963A1224C2D5710024F358 /* Products */,
			);
			sourceTree = "<group>";
		};
		13963A1224C2D5710024F358 /* Products */ = {
			isa = PBXGroup;
			children = (
				13963A1124C2D5710024F358 /* Possible.app */,
				13963A2724C2D5720024F358 /* PossibleTests.xctest */,
				13963A3224C2D5720024F358 /* PossibleUITests.xctest */,
			);
			name = Products;
			sourceTree = "<group>";
		};
		13963A1324C2D5710024F358 /* Possible */ = {
			isa = PBXGroup;
			children = (
				13963A1424C2D5710024F358 /* AppDelegate.swift */,
				13963A1624C2D5710024F358 /* SceneDelegate.swift */,
				13963A1824C2D5710024F358 /* ViewController.swift */,
				13963A1A24C2D5710024F358 /* Main.storyboard */,
				13963A1D24C2D5720024F358 /* Assets.xcassets */,
				13963A1F24C2D5720024F358 /* LaunchScreen.storyboard */,
				13963A2224C2D5720024F358 /* Info.plist */,
				13963A4424C2DCB70024F358 /* DesignPageViewController.swift */,
			);
			path = Possible;
			sourceTree = "<group>";
		};
		13963A2A24C2D5720024F358 /* PossibleTests */ = {
			isa = PBXGroup;
			children = (
				13963A2B24C2D5720024F358 /* PossibleTests.swift */,
				13963A2D24C2D5720024F358 /* Info.plist */,
			);
			path = PossibleTests;
			sourceTree = "<group>";
		};
		13963A3524C2D5720024F358 /* PossibleUITests */ = {
			isa = PBXGroup;
			children = (
				13963A3624C2D5720024F358 /* PossibleUITests.swift */,
				13963A3824C2D5720024F358 /* Info.plist */,
			);
			path = PossibleUITests;
			sourceTree = "<group>";
		};
/* End PBXGroup section */

/* Begin PBXNativeTarget section */
		13963A1024C2D5710024F358 /* Possible */ = {
			isa = PBXNativeTarget;
			buildConfigurationList = 13963A3B24C2D5720024F358 /* Build configuration list for PBXNativeTarget "Possible" */;
			buildPhases = (
				13963A0D24C2D5710024F358 /* Sources */,
				13963A0E24C2D5710024F358 /* Frameworks */,
				13963A0F24C2D5710024F358 /* Resources */,
			);
			buildRules = (
			);
			dependencies = (
			);
			name = Possible;
			productName = Possible;
			productReference = 13963A1124C2D5710024F358 /* Possible.app */;
			productType = "com.apple.product-type.application";
		};
		13963A2624C2D5720024F358 /* PossibleTests */ = {
			isa = PBXNativeTarget;
			buildConfigurationList = 13963A3E24C2D5720024F358 /* Build configuration list for PBXNativeTarget "PossibleTests" */;
			buildPhases = (
				13963A2324C2D5720024F358 /* Sources */,
				13963A2424C2D5720024F358 /* Frameworks */,
				13963A2524C2D5720024F358 /* Resources */,
			);
			buildRules = (
			);
			dependencies = (
				13963A2924C2D5720024F358 /* PBXTargetDependency */,
			);
			name = PossibleTests;
			productName = PossibleTests;
			productReference = 13963A2724C2D5720024F358 /* PossibleTests.xctest */;
			productType = "com.apple.product-type.bundle.unit-test";
		};
		13963A3124C2D5720024F358 /* PossibleUITests */ = {
			isa = PBXNativeTarget;
			buildConfigurationList = 13963A4124C2D5720024F358 /* Build configuration list for PBXNativeTarget "PossibleUITests" */;
			buildPhases = (
				13963A2E24C2D5720024F358 /* Sources */,
				13963A2F24C2D5720024F358 /* Frameworks */,
				13963A3024C2D5720024F358 /* Resources */,
			);
			buildRules = (
			);
			dependencies = (
				13963A3424C2D5720024F358 /* PBXTargetDependency */,
			);
			name = PossibleUITests;
			productName = PossibleUITests;
			productReference = 13963A3224C2D5720024F358 /* PossibleUITests.xctest */;
			productType = "com.apple.product-type.bundle.ui-testing";
		};
/* End PBXNativeTarget section */

/* Begin PBXProject section */
		13963A0924C2D5710024F358 /* Project object */ = {
			isa = PBXProject;
			attributes = {
				LastSwiftUpdateCheck = 1150;
				LastUpgradeCheck = 1150;
				ORGANIZATIONNAME = fkmog;
				TargetAttributes = {
					13963A1024C2D5710024F358 = {
						CreatedOnToolsVersion = 11.5;
					};
					13963A2624C2D5720024F358 = {
						CreatedOnToolsVersion = 11.5;
						TestTargetID = 13963A1024C2D5710024F358;
					};
					13963A3124C2D5720024F358 = {
						CreatedOnToolsVersion = 11.5;
						TestTargetID = 13963A1024C2D5710024F358;
					};
				};
			};
			buildConfigurationList = 13963A0C24C2D5710024F358 /* Build configuration list for PBXProject "Possible" */;
			compatibilityVersion = "Xcode 9.3";
			developmentRegion = en;
			hasScannedForEncodings = 0;
			knownRegions = (
				en,
				Base,
			);
			mainGroup = 13963A0824C2D5710024F358;
			productRefGroup = 13963A1224C2D5710024F358 /* Products */;
			projectDirPath = "";
			projectRoot = "";
			targets = (
				13963A1024C2D5710024F358 /* Possible */,
				13963A2624C2D5720024F358 /* PossibleTests */,
				13963A3124C2D5720024F358 /* PossibleUITests */,
			);
		};
/* End PBXProject section */

/* Begin PBXResourcesBuildPhase section */
		13963A0F24C2D5710024F358 /* Resources */ = {
			isa = PBXResourcesBuildPhase;
			buildActionMask = 2147483647;
			files = (
				13963A2124C2D5720024F358 /* LaunchScreen.storyboard in Resources */,
				13963A1E24C2D5720024F358 /* Assets.xcassets in Resources */,
				13963A1C24C2D5710024F358 /* Main.storyboard in Resources */,
			);
			runOnlyForDeploymentPostprocessing = 0;
		};
		13963A2524C2D5720024F358 /* Resources */ = {
			isa = PBXResourcesBuildPhase;
			buildActionMask = 2147483647;
			files = (
			);
			runOnlyForDeploymentPostprocessing = 0;
		};
		13963A3024C2D5720024F358 /* Resources */ = {
			isa = PBXResourcesBuildPhase;
			buildActionMask = 2147483647;
			files = (
			);
			runOnlyForDeploymentPostprocessing = 0;
		};
/* End PBXResourcesBuildPhase section */

/* Begin PBXSourcesBuildPhase section */
		13963A0D24C2D5710024F358 /* Sources */ = {
			isa = PBXSourcesBuildPhase;
			buildActionMask = 2147483647;
			files = (
				13963A1924C2D5710024F358 /* ViewController.swift in Sources */,
				13963A1524C2D5710024F358 /* AppDelegate.swift in Sources */,
				13963A1724C2D5710024F358 /* SceneDelegate.swift in Sources */,
				13963A4524C2DCB70024F358 /* DesignPageViewController.swift in Sources */,
			);
			runOnlyForDeploymentPostprocessing = 0;
		};
		13963A2324C2D5720024F358 /* Sources */ = {
			isa = PBXSourcesBuildPhase;
			buildActionMask = 2147483647;
			files = (
				13963A2C24C2D5720024F358 /* PossibleTests.swift in Sources */,
			);
			runOnlyForDeploymentPostprocessing = 0;
		};
		13963A2E24C2D5720024F358 /* Sources */ = {
			isa = PBXSourcesBuildPhase;
			buildActionMask = 2147483647;
			files = (
				13963A3724C2D5720024F358 /* PossibleUITests.swift in Sources */,
			);
			runOnlyForDeploymentPostprocessing = 0;
		};
/* End PBXSourcesBuildPhase section */

/* Begin PBXTargetDependency section */
		13963A2924C2D5720024F358 /* PBXTargetDependency */ = {
			isa = PBXTargetDependency;
			target = 13963A1024C2D5710024F358 /* Possible */;
			targetProxy = 13963A2824C2D5720024F358 /* PBXContainerItemProxy */;
		};
		13963A3424C2D5720024F358 /* PBXTargetDependency */ = {
			isa = PBXTargetDependency;
			target = 13963A1024C2D5710024F358 /* Possible */;
			targetProxy = 13963A3324C2D5720024F358 /* PBXContainerItemProxy */;
		};
/* End PBXTargetDependency section */

/* Begin PBXVariantGroup section */
		13963A1A24C2D5710024F358 /* Main.storyboard */ = {
			isa = PBXVariantGroup;
			children = (
				13963A1B24C2D5710024F358 /* Base */,
			);
			name = Main.storyboard;
			sourceTree = "<group>";
		};
		13963A1F24C2D5720024F358 /* LaunchScreen.storyboard */ = {
			isa = PBXVariantGroup;
			children = (
				13963A2024C2D5720024F358 /* Base */,
			);
			name = LaunchScreen.storyboard;
			sourceTree = "<group>";
		};
/* End PBXVariantGroup section */

/* Begin XCBuildConfiguration section */
		13963A3924C2D5720024F358 /* Debug */ = {
			isa = XCBuildConfiguration;
			buildSettings = {
				ALWAYS_SEARCH_USER_PATHS = NO;
				CLANG_ANALYZER_NONNULL = YES;
				CLANG_ANALYZER_NUMBER_OBJECT_CONVERSION = YES_AGGRESSIVE;
				CLANG_CXX_LANGUAGE_STANDARD = "gnu++14";
				CLANG_CXX_LIBRARY = "libc++";
				CLANG_ENABLE_MODULES = YES;
				CLANG_ENABLE_OBJC_ARC = YES;
				CLANG_ENABLE_OBJC_WEAK = YES;
				CLANG_WARN_BLOCK_CAPTURE_AUTORELEASING = YES;
				CLANG_WARN_BOOL_CONVERSION = YES;
				CLANG_WARN_COMMA = YES;
				CLANG_WARN_CONSTANT_CONVERSION = YES;
				CLANG_WARN_DEPRECATED_OBJC_IMPLEMENTATIONS = YES;
				CLANG_WARN_DIRECT_OBJC_ISA_USAGE = YES_ERROR;
				CLANG_WARN_DOCUMENTATION_COMMENTS = YES;
				CLANG_WARN_EMPTY_BODY = YES;
				CLANG_WARN_ENUM_CONVERSION = YES;
				CLANG_WARN_INFINITE_RECURSION = YES;
				CLANG_WARN_INT_CONVERSION = YES;
				CLANG_WARN_NON_LITERAL_NULL_CONVERSION = YES;
				CLANG_WARN_OBJC_IMPLICIT_RETAIN_SELF = YES;
				CLANG_WARN_OBJC_LITERAL_CONVERSION = YES;
				CLANG_WARN_OBJC_ROOT_CLASS = YES_ERROR;
				CLANG_WARN_RANGE_LOOP_ANALYSIS = YES;
				CLANG_WARN_STRICT_PROTOTYPES = YES;
				CLANG_WARN_SUSPICIOUS_MOVE = YES;
				CLANG_WARN_UNGUARDED_AVAILABILITY = YES_AGGRESSIVE;
				CLANG_WARN_UNREACHABLE_CODE = YES;
				CLANG_WARN__DUPLICATE_METHOD_MATCH = YES;
				COPY_PHASE_STRIP = NO;
				DEBUG_INFORMATION_FORMAT = dwarf;
				ENABLE_STRICT_OBJC_MSGSEND = YES;
				ENABLE_TESTABILITY = YES;
				GCC_C_LANGUAGE_STANDARD = gnu11;
				GCC_DYNAMIC_NO_PIC = NO;
				GCC_NO_COMMON_BLOCKS = YES;
				GCC_OPTIMIZATION_LEVEL = 0;
				GCC_PREPROCESSOR_DEFINITIONS = (
					"DEBUG=1",
					"$(inherited)",
				);
				GCC_WARN_64_TO_32_BIT_CONVERSION = YES;
				GCC_WARN_ABOUT_RETURN_TYPE = YES_ERROR;
				GCC_WARN_UNDECLARED_SELECTOR = YES;
				GCC_WARN_UNINITIALIZED_AUTOS = YES_AGGRESSIVE;
				GCC_WARN_UNUSED_FUNCTION = YES;
				GCC_WARN_UNUSED_VARIABLE = YES;
				IPHONEOS_DEPLOYMENT_TARGET = 13.5;
				MTL_ENABLE_DEBUG_INFO = INCLUDE_SOURCE;
				MTL_FAST_MATH = YES;
				ONLY_ACTIVE_ARCH = YES;
				SDKROOT = iphoneos;
				SWIFT_ACTIVE_COMPILATION_CONDITIONS = DEBUG;
				SWIFT_OPTIMIZATION_LEVEL = "-Onone";
			};
			name = Debug;
		};
		13963A3A24C2D5720024F358 /* Release */ = {
			isa = XCBuildConfiguration;
			buildSettings = {
				ALWAYS_SEARCH_USER_PATHS = NO;
				CLANG_ANALYZER_NONNULL = YES;
				CLANG_ANALYZER_NUMBER_OBJECT_CONVERSION = YES_AGGRESSIVE;
				CLANG_CXX_LANGUAGE_STANDARD = "gnu++14";
				CLANG_CXX_LIBRARY = "libc++";
				CLANG_ENABLE_MODULES = YES;
				CLANG_ENABLE_OBJC_ARC = YES;
				CLANG_ENABLE_OBJC_WEAK = YES;
				CLANG_WARN_BLOCK_CAPTURE_AUTORELEASING = YES;
				CLANG_WARN_BOOL_CONVERSION = YES;
				CLANG_WARN_COMMA = YES;
				CLANG_WARN_CONSTANT_CONVERSION = YES;
				CLANG_WARN_DEPRECATED_OBJC_IMPLEMENTATIONS = YES;
				CLANG_WARN_DIRECT_OBJC_ISA_USAGE = YES_ERROR;
				CLANG_WARN_DOCUMENTATION_COMMENTS = YES;
				CLANG_WARN_EMPTY_BODY = YES;
				CLANG_WARN_ENUM_CONVERSION = YES;
				CLANG_WARN_INFINITE_RECURSION = YES;
				CLANG_WARN_INT_CONVERSION = YES;
				CLANG_WARN_NON_LITERAL_NULL_CONVERSION = YES;
				CLANG_WARN_OBJC_IMPLICIT_RETAIN_SELF = YES;
				CLANG_WARN_OBJC_LITERAL_CONVERSION = YES;
				CLANG_WARN_OBJC_ROOT_CLASS = YES_ERROR;
				CLANG_WARN_RANGE_LOOP_ANALYSIS = YES;
				CLANG_WARN_STRICT_PROTOTYPES = YES;
				CLANG_WARN_SUSPICIOUS_MOVE = YES;
				CLANG_WARN_UNGUARDED_AVAILABILITY = YES_AGGRESSIVE;
				CLANG_WARN_UNREACHABLE_CODE = YES;
				CLANG_WARN__DUPLICATE_METHOD_MATCH = YES;
				COPY_PHASE_STRIP = NO;
				DEBUG_INFORMATION_FORMAT = "dwarf-with-dsym";
				ENABLE_NS_ASSERTIONS = NO;
				ENABLE_STRICT_OBJC_MSGSEND = YES;
				GCC_C_LANGUAGE_STANDARD = gnu11;
				GCC_NO_COMMON_BLOCKS = YES;
				GCC_WARN_64_TO_32_BIT_CONVERSION = YES;
				GCC_WARN_ABOUT_RETURN_TYPE = YES_ERROR;
				GCC_WARN_UNDECLARED_SELECTOR = YES;
				GCC_WARN_UNINITIALIZED_AUTOS = YES_AGGRESSIVE;
				GCC_WARN_UNUSED_FUNCTION = YES;
				GCC_WARN_UNUSED_VARIABLE = YES;
				IPHONEOS_DEPLOYMENT_TARGET = 13.5;
				MTL_ENABLE_DEBUG_INFO = NO;
				MTL_FAST_MATH = YES;
				SDKROOT = iphoneos;
				SWIFT_COMPILATION_MODE = wholemodule;
				SWIFT_OPTIMIZATION_LEVEL = "-O";
				VALIDATE_PRODUCT = YES;
			};
			name = Release;
		};
		13963A3C24C2D5720024F358 /* Debug */ = {
			isa = XCBuildConfiguration;
			buildSettings = {
				ASSETCATALOG_COMPILER_APPICON_NAME = AppIcon;
				CODE_SIGN_STYLE = Automatic;
				DEVELOPMENT_TEAM = VDKW6CMHZL;
				INFOPLIST_FILE = Possible/Info.plist;
				LD_RUNPATH_SEARCH_PATHS = (
					"$(inherited)",
					"@executable_path/Frameworks",
				);
				PRODUCT_BUNDLE_IDENTIFIER = fkmog.Possible;
				PRODUCT_NAME = "$(TARGET_NAME)";
				SWIFT_VERSION = 5.0;
				TARGETED_DEVICE_FAMILY = "1,2";
			};
			name = Debug;
		};
		13963A3D24C2D5720024F358 /* Release */ = {
			isa = XCBuildConfiguration;
			buildSettings = {
				ASSETCATALOG_COMPILER_APPICON_NAME = AppIcon;
				CODE_SIGN_STYLE = Automatic;
				DEVELOPMENT_TEAM = VDKW6CMHZL;
				INFOPLIST_FILE = Possible/Info.plist;
				LD_RUNPATH_SEARCH_PATHS = (
					"$(inherited)",
					"@executable_path/Frameworks",
				);
				PRODUCT_BUNDLE_IDENTIFIER = fkmog.Possible;
				PRODUCT_NAME = "$(TARGET_NAME)";
				SWIFT_VERSION = 5.0;
				TARGETED_DEVICE_FAMILY = "1,2";
			};
			name = Release;
		};
		13963A3F24C2D5720024F358 /* Debug */ = {
			isa = XCBuildConfiguration;
			buildSettings = {
				ALWAYS_EMBED_SWIFT_STANDARD_LIBRARIES = YES;
				BUNDLE_LOADER = "$(TEST_HOST)";
				CODE_SIGN_STYLE = Automatic;
				DEVELOPMENT_TEAM = VDKW6CMHZL;
				INFOPLIST_FILE = PossibleTests/Info.plist;
				IPHONEOS_DEPLOYMENT_TARGET = 13.5;
				LD_RUNPATH_SEARCH_PATHS = (
					"$(inherited)",
					"@executable_path/Frameworks",
					"@loader_path/Frameworks",
				);
				PRODUCT_BUNDLE_IDENTIFIER = fkmog.PossibleTests;
				PRODUCT_NAME = "$(TARGET_NAME)";
				SWIFT_VERSION = 5.0;
				TARGETED_DEVICE_FAMILY = "1,2";
				TEST_HOST = "$(BUILT_PRODUCTS_DIR)/Possible.app/Possible";
			};
			name = Debug;
		};
		13963A4024C2D5720024F358 /* Release */ = {
			isa = XCBuildConfiguration;
			buildSettings = {
				ALWAYS_EMBED_SWIFT_STANDARD_LIBRARIES = YES;
				BUNDLE_LOADER = "$(TEST_HOST)";
				CODE_SIGN_STYLE = Automatic;
				DEVELOPMENT_TEAM = VDKW6CMHZL;
				INFOPLIST_FILE = PossibleTests/Info.plist;
				IPHONEOS_DEPLOYMENT_TARGET = 13.5;
				LD_RUNPATH_SEARCH_PATHS = (
					"$(inherited)",
					"@executable_path/Frameworks",
					"@loader_path/Frameworks",
				);
				PRODUCT_BUNDLE_IDENTIFIER = fkmog.PossibleTests;
				PRODUCT_NAME = "$(TARGET_NAME)";
				SWIFT_VERSION = 5.0;
				TARGETED_DEVICE_FAMILY = "1,2";
				TEST_HOST = "$(BUILT_PRODUCTS_DIR)/Possible.app/Possible";
			};
			name = Release;
		};
		13963A4224C2D5720024F358 /* Debug */ = {
			isa = XCBuildConfiguration;
			buildSettings = {
				ALWAYS_EMBED_SWIFT_STANDARD_LIBRARIES = YES;
				CODE_SIGN_STYLE = Automatic;
				DEVELOPMENT_TEAM = VDKW6CMHZL;
				INFOPLIST_FILE = PossibleUITests/Info.plist;
				LD_RUNPATH_SEARCH_PATHS = (
					"$(inherited)",
					"@executable_path/Frameworks",
					"@loader_path/Frameworks",
				);
				PRODUCT_BUNDLE_IDENTIFIER = fkmog.PossibleUITests;
				PRODUCT_NAME = "$(TARGET_NAME)";
				SWIFT_VERSION = 5.0;
				TARGETED_DEVICE_FAMILY = "1,2";
				TEST_TARGET_NAME = Possible;
			};
			name = Debug;
		};
		13963A4324C2D5720024F358 /* Release */ = {
			isa = XCBuildConfiguration;
			buildSettings = {
				ALWAYS_EMBED_SWIFT_STANDARD_LIBRARIES = YES;
				CODE_SIGN_STYLE = Automatic;
				DEVELOPMENT_TEAM = VDKW6CMHZL;
				INFOPLIST_FILE = PossibleUITests/Info.plist;
				LD_RUNPATH_SEARCH_PATHS = (
					"$(inherited)",
					"@executable_path/Frameworks",
					"@loader_path/Frameworks",
				);
				PRODUCT_BUNDLE_IDENTIFIER = fkmog.PossibleUITests;
				PRODUCT_NAME = "$(TARGET_NAME)";
				SWIFT_VERSION = 5.0;
				TARGETED_DEVICE_FAMILY = "1,2";
				TEST_TARGET_NAME = Possible;
			};
			name = Release;
		};
/* End XCBuildConfiguration section */

/* Begin XCConfigurationList section */
		13963A0C24C2D5710024F358 /* Build configuration list for PBXProject "Possible" */ = {
			isa = XCConfigurationList;
			buildConfigurations = (
				13963A3924C2D5720024F358 /* Debug */,
				13963A3A24C2D5720024F358 /* Release */,
			);
			defaultConfigurationIsVisible = 0;
			defaultConfigurationName = Release;
		};
		13963A3B24C2D5720024F358 /* Build configuration list for PBXNativeTarget "Possible" */ = {
			isa = XCConfigurationList;
			buildConfigurations = (
				13963A3C24C2D5720024F358 /* Debug */,
				13963A3D24C2D5720024F358 /* Release */,
			);
			defaultConfigurationIsVisible = 0;
			defaultConfigurationName = Release;
		};
		13963A3E24C2D5720024F358 /* Build configuration list for PBXNativeTarget "PossibleTests" */ = {
			isa = XCConfigurationList;
			buildConfigurations = (
				13963A3F24C2D5720024F358 /* Debug */,
				13963A4024C2D5720024F358 /* Release */,
			);
			defaultConfigurationIsVisible = 0;
			defaultConfigurationName = Release;
		};
		13963A4124C2D5720024F358 /* Build configuration list for PBXNativeTarget "PossibleUITests" */ = {
			isa = XCConfigurationList;
			buildConfigurations = (
				13963A4224C2D5720024F358 /* Debug */,
				13963A4324C2D5720024F358 /* Release */,
			);
			defaultConfigurationIsVisible = 0;
			defaultConfigurationName = Release;
		};
/* End XCConfigurationList section */
	};
	rootObject = 13963A0924C2D5710024F358 /* Project object */;
}
